
Microsoft Visual Studio Solution File, Format Version 12.00
# Visual Studio Version 17
VisualStudioVersion = 17.2.32616.157
MinimumVisualStudioVersion = 10.0.40219.1
Project("{FAE04EC0-301F-11D3-BF4B-00C04F79EFBC}") = "GenericApplicationLauncher", "GenericApplicationLauncher\GenericApplicationLauncher.csproj", "{EBA01CDF-BA28-4F0A-8AE1-167D8A0919BE}"
EndProject
Global
	GlobalSection(SolutionConfigurationPlatforms) = preSolution
		Debug|Any CPU = Debug|Any CPU
		Release|Any CPU = Release|Any CPU
	EndGlobalSection
	GlobalSection(ProjectConfigurationPlatforms) = postSolution
		{EBA01CDF-BA28-4F0A-8AE1-167D8A0919BE}.Debug|Any CPU.ActiveCfg = Debug|Any CPU
		{EBA01CDF-BA28-4F0A-8AE1-167D8A0919BE}.Debug|Any CPU.Build.0 = Debug|Any CPU
		{EBA01CDF-BA28-4F0A-8AE1-167D8A0919BE}.Release|Any CPU.ActiveCfg = Release|Any CPU
		{EBA01CDF-BA28-4F0A-8AE1-167D8A0919BE}.Release|Any CPU.Build.0 = Release|Any CPU
	EndGlobalSection
	GlobalSection(SolutionProperties) = preSolution
		HideSolutionNode = FALSE
	EndGlobalSection
	GlobalSection(ExtensibilityGlobals) = postSolution
		SolutionGuid = {8475CEB7-BD4B-4E99-9298-E17277FB6E76}
	EndGlobalSection
EndGlobal
